
Microsoft Visual Studio Solution File, Format Version 12.00
Project("{FAE04EC0-301F-11D3-BF4B-00C04F79EFBC}") = "blockchainCreator", "blockchainCreator\blockchainCreator.csproj", "{F369A31D-8E2D-4F37-9E23-5BC8E94AFC07}"
EndProject
Project("{FAE04EC0-301F-11D3-BF4B-00C04F79EFBC}") = "KolChainApi", "KolChainApi\KolChainApi.csproj", "{5C6EDD78-734B-4943-96C1-7B76CA62A872}"
EndProject
Global
	GlobalSection(SolutionConfigurationPlatforms) = preSolution
		Debug|Any CPU = Debug|Any CPU
		Release|Any CPU = Release|Any CPU
	EndGlobalSection
	GlobalSection(ProjectConfigurationPlatforms) = postSolution
		{F369A31D-8E2D-4F37-9E23-5BC8E94AFC07}.Debug|Any CPU.ActiveCfg = Debug|Any CPU
		{F369A31D-8E2D-4F37-9E23-5BC8E94AFC07}.Debug|Any CPU.Build.0 = Debug|Any CPU
		{F369A31D-8E2D-4F37-9E23-5BC8E94AFC07}.Release|Any CPU.ActiveCfg = Release|Any CPU
		{F369A31D-8E2D-4F37-9E23-5BC8E94AFC07}.Release|Any CPU.Build.0 = Release|Any CPU
		{5C6EDD78-734B-4943-96C1-7B76CA62A872}.Debug|Any CPU.ActiveCfg = Debug|Any CPU
		{5C6EDD78-734B-4943-96C1-7B76CA62A872}.Debug|Any CPU.Build.0 = Debug|Any CPU
		{5C6EDD78-734B-4943-96C1-7B76CA62A872}.Release|Any CPU.ActiveCfg = Release|Any CPU
		{5C6EDD78-734B-4943-96C1-7B76CA62A872}.Release|Any CPU.Build.0 = Release|Any CPU
	EndGlobalSection
EndGlobal
